// !$*UTF8*$!
{
	archiveVersion = 1;
	classes = {
	};
	objectVersion = 55;
	objects = {

/* Begin PBXBuildFile section */
		84BA74132758BD2D0078D271 /* AppDelegate.swift in Sources */ = {isa = PBXBuildFile; fileRef = 84BA74122758BD2D0078D271 /* AppDelegate.swift */; };
		84BA74152758BD2D0078D271 /* SceneDelegate.swift in Sources */ = {isa = PBXBuildFile; fileRef = 84BA74142758BD2D0078D271 /* SceneDelegate.swift */; };
		84BA74172758BD2D0078D271 /* ViewController.swift in Sources */ = {isa = PBXBuildFile; fileRef = 84BA74162758BD2D0078D271 /* ViewController.swift */; };
		84BA741A2758BD2D0078D271 /* Main.storyboard in Resources */ = {isa = PBXBuildFile; fileRef = 84BA74182758BD2D0078D271 /* Main.storyboard */; };
		84BA741C2758BD2F0078D271 /* Assets.xcassets in Resources */ = {isa = PBXBuildFile; fileRef = 84BA741B2758BD2F0078D271 /* Assets.xcassets */; };
		84BA741F2758BD2F0078D271 /* LaunchScreen.storyboard in Resources */ = {isa = PBXBuildFile; fileRef = 84BA741D2758BD2F0078D271 /* LaunchScreen.storyboard */; };
		84BA742A2758BD2F0078D271 /* TTTTests.swift in Sources */ = {isa = PBXBuildFile; fileRef = 84BA74292758BD2F0078D271 /* TTTTests.swift */; };
		84BA74342758BD2F0078D271 /* TTTUITests.swift in Sources */ = {isa = PBXBuildFile; fileRef = 84BA74332758BD2F0078D271 /* TTTUITests.swift */; };
		84BA74362758BD2F0078D271 /* TTTUITestsLaunchTests.swift in Sources */ = {isa = PBXBuildFile; fileRef = 84BA74352758BD2F0078D271 /* TTTUITestsLaunchTests.swift */; };
		84BA74432758E5400078D271 /* TTTGame.swift in Sources */ = {isa = PBXBuildFile; fileRef = 84BA74422758E5400078D271 /* TTTGame.swift */; };
/* End PBXBuildFile section */

/* Begin PBXContainerItemProxy section */
		84BA74262758BD2F0078D271 /* PBXContainerItemProxy */ = {
			isa = PBXContainerItemProxy;
			containerPortal = 84BA74072758BD2D0078D271 /* Project object */;
			proxyType = 1;
			remoteGlobalIDString = 84BA740E2758BD2D0078D271;
			remoteInfo = TTT;
		};
		84BA74302758BD2F0078D271 /* PBXContainerItemProxy */ = {
			isa = PBXContainerItemProxy;
			containerPortal = 84BA74072758BD2D0078D271 /* Project object */;
			proxyType = 1;
			remoteGlobalIDString = 84BA740E2758BD2D0078D271;
			remoteInfo = TTT;
		};
/* End PBXContainerItemProxy section */

/* Begin PBXFileReference section */
		84BA740F2758BD2D0078D271 /* TTT.app */ = {isa = PBXFileReference; explicitFileType = wrapper.application; includeInIndex = 0; path = TTT.app; sourceTree = BUILT_PRODUCTS_DIR; };
		84BA74122758BD2D0078D271 /* AppDelegate.swift */ = {isa = PBXFileReference; lastKnownFileType = sourcecode.swift; path = AppDelegate.swift; sourceTree = "<group>"; };
		84BA74142758BD2D0078D271 /* SceneDelegate.swift */ = {isa = PBXFileReference; lastKnownFileType = sourcecode.swift; path = SceneDelegate.swift; sourceTree = "<group>"; };
		84BA74162758BD2D0078D271 /* ViewController.swift */ = {isa = PBXFileReference; lastKnownFileType = sourcecode.swift; path = ViewController.swift; sourceTree = "<group>"; };
		84BA74192758BD2D0078D271 /* Base */ = {isa = PBXFileReference; lastKnownFileType = file.storyboard; name = Base; path = Base.lproj/Main.storyboard; sourceTree = "<group>"; };
		84BA741B2758BD2F0078D271 /* Assets.xcassets */ = {isa = PBXFileReference; lastKnownFileType = folder.assetcatalog; path = Assets.xcassets; sourceTree = "<group>"; };
		84BA741E2758BD2F0078D271 /* Base */ = {isa = PBXFileReference; lastKnownFileType = file.storyboard; name = Base; path = Base.lproj/LaunchScreen.storyboard; sourceTree = "<group>"; };
		84BA74202758BD2F0078D271 /* Info.plist */ = {isa = PBXFileReference; lastKnownFileType = text.plist.xml; path = Info.plist; sourceTree = "<group>"; };
		84BA74252758BD2F0078D271 /* TTTTests.xctest */ = {isa = PBXFileReference; explicitFileType = wrapper.cfbundle; includeInIndex = 0; path = TTTTests.xctest; sourceTree = BUILT_PRODUCTS_DIR; };
		84BA74292758BD2F0078D271 /* TTTTests.swift */ = {isa = PBXFileReference; lastKnownFileType = sourcecode.swift; path = TTTTests.swift; sourceTree = "<group>"; };
		84BA742F2758BD2F0078D271 /* TTTUITests.xctest */ = {isa = PBXFileReference; explicitFileType = wrapper.cfbundle; includeInIndex = 0; path = TTTUITests.xctest; sourceTree = BUILT_PRODUCTS_DIR; };
		84BA74332758BD2F0078D271 /* TTTUITests.swift */ = {isa = PBXFileReference; lastKnownFileType = sourcecode.swift; path = TTTUITests.swift; sourceTree = "<group>"; };
		84BA74352758BD2F0078D271 /* TTTUITestsLaunchTests.swift */ = {isa = PBXFileReference; lastKnownFileType = sourcecode.swift; path = TTTUITestsLaunchTests.swift; sourceTree = "<group>"; };
		84BA74422758E5400078D271 /* TTTGame.swift */ = {isa = PBXFileReference; lastKnownFileType = sourcecode.swift; path = TTTGame.swift; sourceTree = "<group>"; };
/* End PBXFileReference section */

/* Begin PBXFrameworksBuildPhase section */
		84BA740C2758BD2D0078D271 /* Frameworks */ = {
			isa = PBXFrameworksBuildPhase;
			buildActionMask = 2147483647;
			files = (
			);
			runOnlyForDeploymentPostprocessing = 0;
		};
		84BA74222758BD2F0078D271 /* Frameworks */ = {
			isa = PBXFrameworksBuildPhase;
			buildActionMask = 2147483647;
			files = (
			);
			runOnlyForDeploymentPostprocessing = 0;
		};
		84BA742C2758BD2F0078D271 /* Frameworks */ = {
			isa = PBXFrameworksBuildPhase;
			buildActionMask = 2147483647;
			files = (
			);
			runOnlyForDeploymentPostprocessing = 0;
		};
/* End PBXFrameworksBuildPhase section */

/* Begin PBXGroup section */
		84BA74062758BD2D0078D271 = {
			isa = PBXGroup;
			children = (
				84BA74112758BD2D0078D271 /* TTT */,
				84BA74282758BD2F0078D271 /* TTTTests */,
				84BA74322758BD2F0078D271 /* TTTUITests */,
				84BA74102758BD2D0078D271 /* Products */,
			);
			sourceTree = "<group>";
		};
		84BA74102758BD2D0078D271 /* Products */ = {
			isa = PBXGroup;
			children = (
				84BA740F2758BD2D0078D271 /* TTT.app */,
				84BA74252758BD2F0078D271 /* TTTTests.xctest */,
				84BA742F2758BD2F0078D271 /* TTTUITests.xctest */,
			);
			name = Products;
			sourceTree = "<group>";
		};
		84BA74112758BD2D0078D271 /* TTT */ = {
			isa = PBXGroup;
			children = (
				84BA74122758BD2D0078D271 /* AppDelegate.swift */,
				84BA74142758BD2D0078D271 /* SceneDelegate.swift */,
				84BA74162758BD2D0078D271 /* ViewController.swift */,
				84BA74182758BD2D0078D271 /* Main.storyboard */,
				84BA741B2758BD2F0078D271 /* Assets.xcassets */,
				84BA741D2758BD2F0078D271 /* LaunchScreen.storyboard */,
				84BA74202758BD2F0078D271 /* Info.plist */,
				84BA74422758E5400078D271 /* TTTGame.swift */,
			);
			path = TTT;
			sourceTree = "<group>";
		};
		84BA74282758BD2F0078D271 /* TTTTests */ = {
			isa = PBXGroup;
			children = (
				84BA74292758BD2F0078D271 /* TTTTests.swift */,
			);
			path = TTTTests;
			sourceTree = "<group>";
		};
		84BA74322758BD2F0078D271 /* TTTUITests */ = {
			isa = PBXGroup;
			children = (
				84BA74332758BD2F0078D271 /* TTTUITests.swift */,
				84BA74352758BD2F0078D271 /* TTTUITestsLaunchTests.swift */,
			);
			path = TTTUITests;
			sourceTree = "<group>";
		};
/* End PBXGroup section */

/* Begin PBXNativeTarget section */
		84BA740E2758BD2D0078D271 /* TTT */ = {
			isa = PBXNativeTarget;
			buildConfigurationList = 84BA74392758BD2F0078D271 /* Build configuration list for PBXNativeTarget "TTT" */;
			buildPhases = (
				84BA740B2758BD2D0078D271 /* Sources */,
				84BA740C2758BD2D0078D271 /* Frameworks */,
				84BA740D2758BD2D0078D271 /* Resources */,
			);
			buildRules = (
			);
			dependencies = (
			);
			name = TTT;
			productName = TTT;
			productReference = 84BA740F2758BD2D0078D271 /* TTT.app */;
			productType = "com.apple.product-type.application";
		};
		84BA74242758BD2F0078D271 /* TTTTests */ = {
			isa = PBXNativeTarget;
			buildConfigurationList = 84BA743C2758BD2F0078D271 /* Build configuration list for PBXNativeTarget "TTTTests" */;
			buildPhases = (
				84BA74212758BD2F0078D271 /* Sources */,
				84BA74222758BD2F0078D271 /* Frameworks */,
				84BA74232758BD2F0078D271 /* Resources */,
			);
			buildRules = (
			);
			dependencies = (
				84BA74272758BD2F0078D271 /* PBXTargetDependency */,
			);
			name = TTTTests;
			productName = TTTTests;
			productReference = 84BA74252758BD2F0078D271 /* TTTTests.xctest */;
			productType = "com.apple.product-type.bundle.unit-test";
		};
		84BA742E2758BD2F0078D271 /* TTTUITests */ = {
			isa = PBXNativeTarget;
			buildConfigurationList = 84BA743F2758BD2F0078D271 /* Build configuration list for PBXNativeTarget "TTTUITests" */;
			buildPhases = (
				84BA742B2758BD2F0078D271 /* Sources */,
				84BA742C2758BD2F0078D271 /* Frameworks */,
				84BA742D2758BD2F0078D271 /* Resources */,
			);
			buildRules = (
			);
			dependencies = (
				84BA74312758BD2F0078D271 /* PBXTargetDependency */,
			);
			name = TTTUITests;
			productName = TTTUITests;
			productReference = 84BA742F2758BD2F0078D271 /* TTTUITests.xctest */;
			productType = "com.apple.product-type.bundle.ui-testing";
		};
/* End PBXNativeTarget section */

/* Begin PBXProject section */
		84BA74072758BD2D0078D271 /* Project object */ = {
			isa = PBXProject;
			attributes = {
				BuildIndependentTargetsInParallel = 1;
				LastSwiftUpdateCheck = 1310;
				LastUpgradeCheck = 1310;
				TargetAttributes = {
					84BA740E2758BD2D0078D271 = {
						CreatedOnToolsVersion = 13.1;
					};
					84BA74242758BD2F0078D271 = {
						CreatedOnToolsVersion = 13.1;
						TestTargetID = 84BA740E2758BD2D0078D271;
					};
					84BA742E2758BD2F0078D271 = {
						CreatedOnToolsVersion = 13.1;
						TestTargetID = 84BA740E2758BD2D0078D271;
					};
				};
			};
			buildConfigurationList = 84BA740A2758BD2D0078D271 /* Build configuration list for PBXProject "TTT" */;
			compatibilityVersion = "Xcode 13.0";
			developmentRegion = en;
			hasScannedForEncodings = 0;
			knownRegions = (
				en,
				Base,
			);
			mainGroup = 84BA74062758BD2D0078D271;
			productRefGroup = 84BA74102758BD2D0078D271 /* Products */;
			projectDirPath = "";
			projectRoot = "";
			targets = (
				84BA740E2758BD2D0078D271 /* TTT */,
				84BA74242758BD2F0078D271 /* TTTTests */,
				84BA742E2758BD2F0078D271 /* TTTUITests */,
			);
		};
/* End PBXProject section */

/* Begin PBXResourcesBuildPhase section */
		84BA740D2758BD2D0078D271 /* Resources */ = {
			isa = PBXResourcesBuildPhase;
			buildActionMask = 2147483647;
			files = (
				84BA741F2758BD2F0078D271 /* LaunchScreen.storyboard in Resources */,
				84BA741C2758BD2F0078D271 /* Assets.xcassets in Resources */,
				84BA741A2758BD2D0078D271 /* Main.storyboard in Resources */,
			);
			runOnlyForDeploymentPostprocessing = 0;
		};
		84BA74232758BD2F0078D271 /* Resources */ = {
			isa = PBXResourcesBuildPhase;
			buildActionMask = 2147483647;
			files = (
			);
			runOnlyForDeploymentPostprocessing = 0;
		};
		84BA742D2758BD2F0078D271 /* Resources */ = {
			isa = PBXResourcesBuildPhase;
			buildActionMask = 2147483647;
			files = (
			);
			runOnlyForDeploymentPostprocessing = 0;
		};
/* End PBXResourcesBuildPhase section */

/* Begin PBXSourcesBuildPhase section */
		84BA740B2758BD2D0078D271 /* Sources */ = {
			isa = PBXSourcesBuildPhase;
			buildActionMask = 2147483647;
			files = (
				84BA74172758BD2D0078D271 /* ViewController.swift in Sources */,
				84BA74132758BD2D0078D271 /* AppDelegate.swift in Sources */,
				84BA74432758E5400078D271 /* TTTGame.swift in Sources */,
				84BA74152758BD2D0078D271 /* SceneDelegate.swift in Sources */,
			);
			runOnlyForDeploymentPostprocessing = 0;
		};
		84BA74212758BD2F0078D271 /* Sources */ = {
			isa = PBXSourcesBuildPhase;
			buildActionMask = 2147483647;
			files = (
				84BA742A2758BD2F0078D271 /* TTTTests.swift in Sources */,
			);
			runOnlyForDeploymentPostprocessing = 0;
		};
		84BA742B2758BD2F0078D271 /* Sources */ = {
			isa = PBXSourcesBuildPhase;
			buildActionMask = 2147483647;
			files = (
				84BA74342758BD2F0078D271 /* TTTUITests.swift in Sources */,
				84BA74362758BD2F0078D271 /* TTTUITestsLaunchTests.swift in Sources */,
			);
			runOnlyForDeploymentPostprocessing = 0;
		};
/* End PBXSourcesBuildPhase section */

/* Begin PBXTargetDependency section */
		84BA74272758BD2F0078D271 /* PBXTargetDependency */ = {
			isa = PBXTargetDependency;
			target = 84BA740E2758BD2D0078D271 /* TTT */;
			targetProxy = 84BA74262758BD2F0078D271 /* PBXContainerItemProxy */;
		};
		84BA74312758BD2F0078D271 /* PBXTargetDependency */ = {
			isa = PBXTargetDependency;
			target = 84BA740E2758BD2D0078D271 /* TTT */;
			targetProxy = 84BA74302758BD2F0078D271 /* PBXContainerItemProxy */;
		};
/* End PBXTargetDependency section */

/* Begin PBXVariantGroup section */
		84BA74182758BD2D0078D271 /* Main.storyboard */ = {
			isa = PBXVariantGroup;
			children = (
				84BA74192758BD2D0078D271 /* Base */,
			);
			name = Main.storyboard;
			sourceTree = "<group>";
		};
		84BA741D2758BD2F0078D271 /* LaunchScreen.storyboard */ = {
			isa = PBXVariantGroup;
			children = (
				84BA741E2758BD2F0078D271 /* Base */,
			);
			name = LaunchScreen.storyboard;
			sourceTree = "<group>";
		};
/* End PBXVariantGroup section */

/* Begin XCBuildConfiguration section */
		84BA74372758BD2F0078D271 /* Debug */ = {
			isa = XCBuildConfiguration;
			buildSettings = {
				ALWAYS_SEARCH_USER_PATHS = NO;
				CLANG_ANALYZER_NONNULL = YES;
				CLANG_ANALYZER_NUMBER_OBJECT_CONVERSION = YES_AGGRESSIVE;
				CLANG_CXX_LANGUAGE_STANDARD = "gnu++17";
				CLANG_CXX_LIBRARY = "libc++";
				CLANG_ENABLE_MODULES = YES;
				CLANG_ENABLE_OBJC_ARC = YES;
				CLANG_ENABLE_OBJC_WEAK = YES;
				CLANG_WARN_BLOCK_CAPTURE_AUTORELEASING = YES;
				CLANG_WARN_BOOL_CONVERSION = YES;
				CLANG_WARN_COMMA = YES;
				CLANG_WARN_CONSTANT_CONVERSION = YES;
				CLANG_WARN_DEPRECATED_OBJC_IMPLEMENTATIONS = YES;
				CLANG_WARN_DIRECT_OBJC_ISA_USAGE = YES_ERROR;
				CLANG_WARN_DOCUMENTATION_COMMENTS = YES;
				CLANG_WARN_EMPTY_BODY = YES;
				CLANG_WARN_ENUM_CONVERSION = YES;
				CLANG_WARN_INFINITE_RECURSION = YES;
				CLANG_WARN_INT_CONVERSION = YES;
				CLANG_WARN_NON_LITERAL_NULL_CONVERSION = YES;
				CLANG_WARN_OBJC_IMPLICIT_RETAIN_SELF = YES;
				CLANG_WARN_OBJC_LITERAL_CONVERSION = YES;
				CLANG_WARN_OBJC_ROOT_CLASS = YES_ERROR;
				CLANG_WARN_QUOTED_INCLUDE_IN_FRAMEWORK_HEADER = YES;
				CLANG_WARN_RANGE_LOOP_ANALYSIS = YES;
				CLANG_WARN_STRICT_PROTOTYPES = YES;
				CLANG_WARN_SUSPICIOUS_MOVE = YES;
				CLANG_WARN_UNGUARDED_AVAILABILITY = YES_AGGRESSIVE;
				CLANG_WARN_UNREACHABLE_CODE = YES;
				CLANG_WARN__DUPLICATE_METHOD_MATCH = YES;
				COPY_PHASE_STRIP = NO;
				DEBUG_INFORMATION_FORMAT = dwarf;
				ENABLE_STRICT_OBJC_MSGSEND = YES;
				ENABLE_TESTABILITY = YES;
				GCC_C_LANGUAGE_STANDARD = gnu11;
				GCC_DYNAMIC_NO_PIC = NO;
				GCC_NO_COMMON_BLOCKS = YES;
				GCC_OPTIMIZATION_LEVEL = 0;
				GCC_PREPROCESSOR_DEFINITIONS = (
					"DEBUG=1",
					"$(inherited)",
				);
				GCC_WARN_64_TO_32_BIT_CONVERSION = YES;
				GCC_WARN_ABOUT_RETURN_TYPE = YES_ERROR;
				GCC_WARN_UNDECLARED_SELECTOR = YES;
				GCC_WARN_UNINITIALIZED_AUTOS = YES_AGGRESSIVE;
				GCC_WARN_UNUSED_FUNCTION = YES;
				GCC_WARN_UNUSED_VARIABLE = YES;
				IPHONEOS_DEPLOYMENT_TARGET = 15.0;
				MTL_ENABLE_DEBUG_INFO = INCLUDE_SOURCE;
				MTL_FAST_MATH = YES;
				ONLY_ACTIVE_ARCH = YES;
				SDKROOT = iphoneos;
				SWIFT_ACTIVE_COMPILATION_CONDITIONS = DEBUG;
				SWIFT_OPTIMIZATION_LEVEL = "-Onone";
			};
			name = Debug;
		};
		84BA74382758BD2F0078D271 /* Release */ = {
			isa = XCBuildConfiguration;
			buildSettings = {
				ALWAYS_SEARCH_USER_PATHS = NO;
				CLANG_ANALYZER_NONNULL = YES;
				CLANG_ANALYZER_NUMBER_OBJECT_CONVERSION = YES_AGGRESSIVE;
				CLANG_CXX_LANGUAGE_STANDARD = "gnu++17";
				CLANG_CXX_LIBRARY = "libc++";
				CLANG_ENABLE_MODULES = YES;
				CLANG_ENABLE_OBJC_ARC = YES;
				CLANG_ENABLE_OBJC_WEAK = YES;
				CLANG_WARN_BLOCK_CAPTURE_AUTORELEASING = YES;
				CLANG_WARN_BOOL_CONVERSION = YES;
				CLANG_WARN_COMMA = YES;
				CLANG_WARN_CONSTANT_CONVERSION = YES;
				CLANG_WARN_DEPRECATED_OBJC_IMPLEMENTATIONS = YES;
				CLANG_WARN_DIRECT_OBJC_ISA_USAGE = YES_ERROR;
				CLANG_WARN_DOCUMENTATION_COMMENTS = YES;
				CLANG_WARN_EMPTY_BODY = YES;
				CLANG_WARN_ENUM_CONVERSION = YES;
				CLANG_WARN_INFINITE_RECURSION = YES;
				CLANG_WARN_INT_CONVERSION = YES;
				CLANG_WARN_NON_LITERAL_NULL_CONVERSION = YES;
				CLANG_WARN_OBJC_IMPLICIT_RETAIN_SELF = YES;
				CLANG_WARN_OBJC_LITERAL_CONVERSION = YES;
				CLANG_WARN_OBJC_ROOT_CLASS = YES_ERROR;
				CLANG_WARN_QUOTED_INCLUDE_IN_FRAMEWORK_HEADER = YES;
				CLANG_WARN_RANGE_LOOP_ANALYSIS = YES;
				CLANG_WARN_STRICT_PROTOTYPES = YES;
				CLANG_WARN_SUSPICIOUS_MOVE = YES;
				CLANG_WARN_UNGUARDED_AVAILABILITY = YES_AGGRESSIVE;
				CLANG_WARN_UNREACHABLE_CODE = YES;
				CLANG_WARN__DUPLICATE_METHOD_MATCH = YES;
				COPY_PHASE_STRIP = NO;
				DEBUG_INFORMATION_FORMAT = "dwarf-with-dsym";
				ENABLE_NS_ASSERTIONS = NO;
				ENABLE_STRICT_OBJC_MSGSEND = YES;
				GCC_C_LANGUAGE_STANDARD = gnu11;
				GCC_NO_COMMON_BLOCKS = YES;
				GCC_WARN_64_TO_32_BIT_CONVERSION = YES;
				GCC_WARN_ABOUT_RETURN_TYPE = YES_ERROR;
				GCC_WARN_UNDECLARED_SELECTOR = YES;
				GCC_WARN_UNINITIALIZED_AUTOS = YES_AGGRESSIVE;
				GCC_WARN_UNUSED_FUNCTION = YES;
				GCC_WARN_UNUSED_VARIABLE = YES;
				IPHONEOS_DEPLOYMENT_TARGET = 15.0;
				MTL_ENABLE_DEBUG_INFO = NO;
				MTL_FAST_MATH = YES;
				SDKROOT = iphoneos;
				SWIFT_COMPILATION_MODE = wholemodule;
				SWIFT_OPTIMIZATION_LEVEL = "-O";
				VALIDATE_PRODUCT = YES;
			};
			name = Release;
		};
		84BA743A2758BD2F0078D271 /* Debug */ = {
			isa = XCBuildConfiguration;
			buildSettings = {
				ASSETCATALOG_COMPILER_APPICON_NAME = AppIcon;
				ASSETCATALOG_COMPILER_GLOBAL_ACCENT_COLOR_NAME = AccentColor;
				CODE_SIGN_STYLE = Automatic;
				CURRENT_PROJECT_VERSION = 1;
				GENERATE_INFOPLIST_FILE = YES;
				INFOPLIST_FILE = TTT/Info.plist;
				INFOPLIST_KEY_UIApplicationSupportsIndirectInputEvents = YES;
				INFOPLIST_KEY_UILaunchStoryboardName = LaunchScreen;
				INFOPLIST_KEY_UIMainStoryboardFile = Main;
				INFOPLIST_KEY_UISupportedInterfaceOrientations_iPad = "UIInterfaceOrientationPortrait UIInterfaceOrientationPortraitUpsideDown UIInterfaceOrientationLandscapeLeft UIInterfaceOrientationLandscapeRight";
				INFOPLIST_KEY_UISupportedInterfaceOrientations_iPhone = "UIInterfaceOrientationPortrait UIInterfaceOrientationLandscapeLeft UIInterfaceOrientationLandscapeRight";
				LD_RUNPATH_SEARCH_PATHS = (
					"$(inherited)",
					"@executable_path/Frameworks",
				);
				MARKETING_VERSION = 1.0;
				PRODUCT_BUNDLE_IDENTIFIER = hsn.TTT;
				PRODUCT_NAME = "$(TARGET_NAME)";
				SWIFT_EMIT_LOC_STRINGS = YES;
				SWIFT_VERSION = 5.0;
				TARGETED_DEVICE_FAMILY = "1,2";
			};
			name = Debug;
		};
		84BA743B2758BD2F0078D271 /* Release */ = {
			isa = XCBuildConfiguration;
			buildSettings = {
				ASSETCATALOG_COMPILER_APPICON_NAME = AppIcon;
				ASSETCATALOG_COMPILER_GLOBAL_ACCENT_COLOR_NAME = AccentColor;
				CODE_SIGN_STYLE = Automatic;
				CURRENT_PROJECT_VERSION = 1;
				GENERATE_INFOPLIST_FILE = YES;
				INFOPLIST_FILE = TTT/Info.plist;
				INFOPLIST_KEY_UIApplicationSupportsIndirectInputEvents = YES;
				INFOPLIST_KEY_UILaunchStoryboardName = LaunchScreen;
				INFOPLIST_KEY_UIMainStoryboardFile = Main;
				INFOPLIST_KEY_UISupportedInterfaceOrientations_iPad = "UIInterfaceOrientationPortrait UIInterfaceOrientationPortraitUpsideDown UIInterfaceOrientationLandscapeLeft UIInterfaceOrientationLandscapeRight";
				INFOPLIST_KEY_UISupportedInterfaceOrientations_iPhone = "UIInterfaceOrientationPortrait UIInterfaceOrientationLandscapeLeft UIInterfaceOrientationLandscapeRight";
				LD_RUNPATH_SEARCH_PATHS = (
					"$(inherited)",
					"@executable_path/Frameworks",
				);
				MARKETING_VERSION = 1.0;
				PRODUCT_BUNDLE_IDENTIFIER = hsn.TTT;
				PRODUCT_NAME = "$(TARGET_NAME)";
				SWIFT_EMIT_LOC_STRINGS = YES;
				SWIFT_VERSION = 5.0;
				TARGETED_DEVICE_FAMILY = "1,2";
			};
			name = Release;
		};
		84BA743D2758BD2F0078D271 /* Debug */ = {
			isa = XCBuildConfiguration;
			buildSettings = {
				ALWAYS_EMBED_SWIFT_STANDARD_LIBRARIES = YES;
				BUNDLE_LOADER = "$(TEST_HOST)";
				CODE_SIGN_STYLE = Automatic;
				CURRENT_PROJECT_VERSION = 1;
				GENERATE_INFOPLIST_FILE = YES;
				IPHONEOS_DEPLOYMENT_TARGET = 15.0;
				LD_RUNPATH_SEARCH_PATHS = (
					"$(inherited)",
					"@executable_path/Frameworks",
					"@loader_path/Frameworks",
				);
				MARKETING_VERSION = 1.0;
				PRODUCT_BUNDLE_IDENTIFIER = hsn.TTTTests;
				PRODUCT_NAME = "$(TARGET_NAME)";
				SWIFT_EMIT_LOC_STRINGS = NO;
				SWIFT_VERSION = 5.0;
				TARGETED_DEVICE_FAMILY = "1,2";
				TEST_HOST = "$(BUILT_PRODUCTS_DIR)/TTT.app/TTT";
			};
			name = Debug;
		};
		84BA743E2758BD2F0078D271 /* Release */ = {
			isa = XCBuildConfiguration;
			buildSettings = {
				ALWAYS_EMBED_SWIFT_STANDARD_LIBRARIES = YES;
				BUNDLE_LOADER = "$(TEST_HOST)";
				CODE_SIGN_STYLE = Automatic;
				CURRENT_PROJECT_VERSION = 1;
				GENERATE_INFOPLIST_FILE = YES;
				IPHONEOS_DEPLOYMENT_TARGET = 15.0;
				LD_RUNPATH_SEARCH_PATHS = (
					"$(inherited)",
					"@executable_path/Frameworks",
					"@loader_path/Frameworks",
				);
				MARKETING_VERSION = 1.0;
				PRODUCT_BUNDLE_IDENTIFIER = hsn.TTTTests;
				PRODUCT_NAME = "$(TARGET_NAME)";
				SWIFT_EMIT_LOC_STRINGS = NO;
				SWIFT_VERSION = 5.0;
				TARGETED_DEVICE_FAMILY = "1,2";
				TEST_HOST = "$(BUILT_PRODUCTS_DIR)/TTT.app/TTT";
			};
			name = Release;
		};
		84BA74402758BD2F0078D271 /* Debug */ = {
			isa = XCBuildConfiguration;
			buildSettings = {
				ALWAYS_EMBED_SWIFT_STANDARD_LIBRARIES = YES;
				CODE_SIGN_STYLE = Automatic;
				CURRENT_PROJECT_VERSION = 1;
				GENERATE_INFOPLIST_FILE = YES;
				LD_RUNPATH_SEARCH_PATHS = (
					"$(inherited)",
					"@executable_path/Frameworks",
					"@loader_path/Frameworks",
				);
				MARKETING_VERSION = 1.0;
				PRODUCT_BUNDLE_IDENTIFIER = hsn.TTTUITests;
				PRODUCT_NAME = "$(TARGET_NAME)";
				SWIFT_EMIT_LOC_STRINGS = NO;
				SWIFT_VERSION = 5.0;
				TARGETED_DEVICE_FAMILY = "1,2";
				TEST_TARGET_NAME = TTT;
			};
			name = Debug;
		};
		84BA74412758BD2F0078D271 /* Release */ = {
			isa = XCBuildConfiguration;
			buildSettings = {
				ALWAYS_EMBED_SWIFT_STANDARD_LIBRARIES = YES;
				CODE_SIGN_STYLE = Automatic;
				CURRENT_PROJECT_VERSION = 1;
				GENERATE_INFOPLIST_FILE = YES;
				LD_RUNPATH_SEARCH_PATHS = (
					"$(inherited)",
					"@executable_path/Frameworks",
					"@loader_path/Frameworks",
				);
				MARKETING_VERSION = 1.0;
				PRODUCT_BUNDLE_IDENTIFIER = hsn.TTTUITests;
				PRODUCT_NAME = "$(TARGET_NAME)";
				SWIFT_EMIT_LOC_STRINGS = NO;
				SWIFT_VERSION = 5.0;
				TARGETED_DEVICE_FAMILY = "1,2";
				TEST_TARGET_NAME = TTT;
			};
			name = Release;
		};
/* End XCBuildConfiguration section */

/* Begin XCConfigurationList section */
		84BA740A2758BD2D0078D271 /* Build configuration list for PBXProject "TTT" */ = {
			isa = XCConfigurationList;
			buildConfigurations = (
				84BA74372758BD2F0078D271 /* Debug */,
				84BA74382758BD2F0078D271 /* Release */,
			);
			defaultConfigurationIsVisible = 0;
			defaultConfigurationName = Release;
		};
		84BA74392758BD2F0078D271 /* Build configuration list for PBXNativeTarget "TTT" */ = {
			isa = XCConfigurationList;
			buildConfigurations = (
				84BA743A2758BD2F0078D271 /* Debug */,
				84BA743B2758BD2F0078D271 /* Release */,
			);
			defaultConfigurationIsVisible = 0;
			defaultConfigurationName = Release;
		};
		84BA743C2758BD2F0078D271 /* Build configuration list for PBXNativeTarget "TTTTests" */ = {
			isa = XCConfigurationList;
			buildConfigurations = (
				84BA743D2758BD2F0078D271 /* Debug */,
				84BA743E2758BD2F0078D271 /* Release */,
			);
			defaultConfigurationIsVisible = 0;
			defaultConfigurationName = Release;
		};
		84BA743F2758BD2F0078D271 /* Build configuration list for PBXNativeTarget "TTTUITests" */ = {
			isa = XCConfigurationList;
			buildConfigurations = (
				84BA74402758BD2F0078D271 /* Debug */,
				84BA74412758BD2F0078D271 /* Release */,
			);
			defaultConfigurationIsVisible = 0;
			defaultConfigurationName = Release;
		};
/* End XCConfigurationList section */
	};
	rootObject = 84BA74072758BD2D0078D271 /* Project object */;
}
